
Microsoft Visual Studio Solution File, Format Version 12.00
# Visual Studio Version 16
VisualStudioVersion = 16.0.30204.135
MinimumVisualStudioVersion = 10.0.40219.1
Project("{FAE04EC0-301F-11D3-BF4B-00C04F79EFBC}") = "PostManagement", "PostManagement\PostManagement.csproj", "{D78EC631-2133-4787-89E5-F3A5F7901FC5}"
EndProject
Global
	GlobalSection(SolutionConfigurationPlatforms) = preSolution
		Debug|Any CPU = Debug|Any CPU
		Release|Any CPU = Release|Any CPU
	EndGlobalSection
	GlobalSection(ProjectConfigurationPlatforms) = postSolution
		{D78EC631-2133-4787-89E5-F3A5F7901FC5}.Debug|Any CPU.ActiveCfg = Debug|Any CPU
		{D78EC631-2133-4787-89E5-F3A5F7901FC5}.Debug|Any CPU.Build.0 = Debug|Any CPU
		{D78EC631-2133-4787-89E5-F3A5F7901FC5}.Release|Any CPU.ActiveCfg = Release|Any CPU
		{D78EC631-2133-4787-89E5-F3A5F7901FC5}.Release|Any CPU.Build.0 = Release|Any CPU
	EndGlobalSection
	GlobalSection(SolutionProperties) = preSolution
		HideSolutionNode = FALSE
	EndGlobalSection
	GlobalSection(ExtensibilityGlobals) = postSolution
		SolutionGuid = {8A4B808D-9418-46F3-9426-E0753E9675BE}
	EndGlobalSection
EndGlobal
